# This file is automatically @generated by Poetry 1.8.3 and should not be changed by hand.

[[package]]
name = "cyclonedx-python-lib"
version = "4.1.0"
description = "A library for producing CycloneDX SBOM (Software Bill of Materials) files."
optional = false
python-versions = ">=3.7,<4.0"
files = [
    {file = "cyclonedx_python_lib-4.1.0-py3-none-any.whl", hash = "sha256:28b8c6c96372345c61464561b3040ede38d1c82026f706d87e8728ba5f7f4ddb"},
    {file = "cyclonedx_python_lib-4.1.0.tar.gz", hash = "sha256:7996657f9788758ed05bea8c247e3e6ffcccfbc48818cd34795a4ae094b307bd"},
]

[package.dependencies]
packageurl-python = ">=0.11"
py-serializable = ">=0.11.1,<0.12.0"
sortedcontainers = ">=2.4.0,<3.0.0"

[[package]]
name = "defusedxml"
version = "0.7.1"
description = "XML bomb protection for Python stdlib modules"
optional = false
python-versions = ">=2.7, !=3.0.*, !=3.1.*, !=3.2.*, !=3.3.*, !=3.4.*"
files = [
    {file = "defusedxml-0.7.1-py2.py3-none-any.whl", hash = "sha256:a352e7e428770286cc899e2542b6cdaedb2b4953ff269a210103ec58f6198a61"},
    {file = "defusedxml-0.7.1.tar.gz", hash = "sha256:1bb3032db185915b62d7c6209c5a8792be6a32ab2fedacc84e01b52c51aa3e69"},
]

[[package]]
name = "packageurl-python"
version = "0.14.0"
description = "A purl aka. Package URL parser and builder"
optional = false
python-versions = ">=3.7"
files = [
    {file = "packageurl-python-0.14.0.tar.gz", hash = "sha256:ff09147cddaae9e5c59ffcb12df8ec0e1b774b45099399f28c36b1a3dfdf52e2"},
    {file = "packageurl_python-0.14.0-py3-none-any.whl", hash = "sha256:cf5e55cdcd61e6de858f47c4986aa87ba493bfa56ba58de11103dfdc2c00e4e1"},
]

[package.extras]
build = ["setuptools", "wheel"]
lint = ["black", "isort", "mypy"]
sqlalchemy = ["sqlalchemy (>=2.0.0)"]
test = ["pytest"]

[[package]]
name = "py-serializable"
version = "0.11.1"
description = "Library for serializing and deserializing Python Objects to and from JSON and XML."
optional = false
python-versions = ">=3.7,<4.0"
files = [
    {file = "py-serializable-0.11.1.tar.gz", hash = "sha256:ba0e1287b9e4f645a5334f1913abd8e647e7250209f84f55dce3909498a6f586"},
    {file = "py_serializable-0.11.1-py3-none-any.whl", hash = "sha256:79e21f0672822e6200b15f45ce9f636e8126466f62dbd7d488c67313c72b5c3e"},
]

[package.dependencies]
defusedxml = ">=0.7.1,<0.8.0"

[[package]]
name = "sortedcontainers"
version = "2.4.0"
description = "Sorted Containers -- Sorted List, Sorted Dict, Sorted Set"
optional = false
python-versions = "*"
files = [
    {file = "sortedcontainers-2.4.0-py2.py3-none-any.whl", hash = "sha256:a163dcaede0f1c021485e957a39245190e74249897e2ae4b2aa38595db237ee0"},
    {file = "sortedcontainers-2.4.0.tar.gz", hash = "sha256:25caa5a06cc30b6b83d11423433f65d1f9d76c4c6a0c90e3379eaa43b9bfdb88"},
]

[metadata]
lock-version = "2.0"
python-versions = ">=3.9, < 3.10"
content-hash = "67d93133099c44e086bb005b7c80237dc22885527149eaf67750e2a4b2bdcae1"
