# This file is automatically @generated by Poetry 1.8.2 and should not be changed by hand.

[[package]]
name = "boolean-py"
version = "4.0"
description = "Define boolean algebras, create and parse boolean expressions and create custom boolean DSL."
optional = false
python-versions = "*"
files = [
    {file = "boolean.py-4.0-py3-none-any.whl", hash = "sha256:2876f2051d7d6394a531d82dc6eb407faa0b01a0a0b3083817ccd7323b8d96bd"},
    {file = "boolean.py-4.0.tar.gz", hash = "sha256:17b9a181630e43dde1851d42bef546d616d5d9b4480357514597e78b203d06e4"},
]

[[package]]
name = "cyclonedx-python-lib"
version = "6.4.3"
description = "Python library for CycloneDX"
optional = false
python-versions = ">=3.8,<4.0"
files = [
    {file = "cyclonedx_python_lib-6.4.3-py3-none-any.whl", hash = "sha256:bc9f29073f4ed23b68ba01e342496cd2d1d5232d88b63abdc69f5072f472f8de"},
    {file = "cyclonedx_python_lib-6.4.3.tar.gz", hash = "sha256:3d9450e500ca6f7cf9625e7bff700599dcca70e4a2180705b61917c59743506e"},
]

[package.dependencies]
license-expression = ">=30,<31"
packageurl-python = ">=0.11,<2"
py-serializable = ">=0.16,<2"
sortedcontainers = ">=2.4.0,<3.0.0"

[package.extras]
json-validation = ["jsonschema[format] (>=4.18,<5.0)"]
validation = ["jsonschema[format] (>=4.18,<5.0)", "lxml (>=4,<6)"]
xml-validation = ["lxml (>=4,<6)"]

[[package]]
name = "defusedxml"
version = "0.7.1"
description = "XML bomb protection for Python stdlib modules"
optional = false
python-versions = ">=2.7, !=3.0.*, !=3.1.*, !=3.2.*, !=3.3.*, !=3.4.*"
files = [
    {file = "defusedxml-0.7.1-py2.py3-none-any.whl", hash = "sha256:a352e7e428770286cc899e2542b6cdaedb2b4953ff269a210103ec58f6198a61"},
    {file = "defusedxml-0.7.1.tar.gz", hash = "sha256:1bb3032db185915b62d7c6209c5a8792be6a32ab2fedacc84e01b52c51aa3e69"},
]

[[package]]
name = "license-expression"
version = "30.2.0"
description = "license-expression is a comprehensive utility library to parse, compare, simplify and normalize license expressions (such as SPDX license expressions) using boolean logic."
optional = false
python-versions = ">=3.7"
files = [
    {file = "license-expression-30.2.0.tar.gz", hash = "sha256:599928edd995c43fc335e0af342076144dc71cb858afa1ed9c1c30c4e81794f5"},
    {file = "license_expression-30.2.0-py3-none-any.whl", hash = "sha256:1a7dc2bb2d09cdc983d072e4f9adc787e107e09def84cbb3919baaaf4f8e6fa1"},
]

[package.dependencies]
"boolean.py" = ">=4.0"

[package.extras]
docs = ["Sphinx (>=5.0.2)", "doc8 (>=0.11.2)", "sphinx-autobuild", "sphinx-copybutton", "sphinx-reredirects (>=0.1.2)", "sphinx-rtd-dark-mode (>=1.3.0)", "sphinx-rtd-theme (>=1.0.0)", "sphinxcontrib-apidoc (>=0.4.0)"]
testing = ["black", "isort", "pytest (>=6,!=7.0.0)", "pytest-xdist (>=2)", "twine"]

[[package]]
name = "packageurl-python"
version = "0.14.0"
description = "A purl aka. Package URL parser and builder"
optional = false
python-versions = ">=3.7"
files = [
    {file = "packageurl-python-0.14.0.tar.gz", hash = "sha256:ff09147cddaae9e5c59ffcb12df8ec0e1b774b45099399f28c36b1a3dfdf52e2"},
    {file = "packageurl_python-0.14.0-py3-none-any.whl", hash = "sha256:cf5e55cdcd61e6de858f47c4986aa87ba493bfa56ba58de11103dfdc2c00e4e1"},
]

[package.extras]
build = ["setuptools", "wheel"]
lint = ["black", "isort", "mypy"]
sqlalchemy = ["sqlalchemy (>=2.0.0)"]
test = ["pytest"]

[[package]]
name = "py-serializable"
version = "1.0.2"
description = "Library for serializing and deserializing Python Objects to and from JSON and XML."
optional = false
python-versions = ">=3.8,<4.0"
files = [
    {file = "py_serializable-1.0.2-py3-none-any.whl", hash = "sha256:f09dee8595a583117ba446c50be183eff9699b7d54529e0506d4f0f2e093e4a3"},
    {file = "py_serializable-1.0.2.tar.gz", hash = "sha256:158a98a7ffda067d21f844594ce571d97f36172ba538aee1a93196f8b5888bd8"},
]

[package.dependencies]
defusedxml = ">=0.7.1,<0.8.0"

[[package]]
name = "sortedcontainers"
version = "2.4.0"
description = "Sorted Containers -- Sorted List, Sorted Dict, Sorted Set"
optional = false
python-versions = "*"
files = [
    {file = "sortedcontainers-2.4.0-py2.py3-none-any.whl", hash = "sha256:a163dcaede0f1c021485e957a39245190e74249897e2ae4b2aa38595db237ee0"},
    {file = "sortedcontainers-2.4.0.tar.gz", hash = "sha256:25caa5a06cc30b6b83d11423433f65d1f9d76c4c6a0c90e3379eaa43b9bfdb88"},
]

[metadata]
lock-version = "2.0"
python-versions = "^3.12"
content-hash = "5b93e780da5779ffd480a8c6a2220f238a75b1a8797fe33cf06f1a244363176f"
