# This file is automatically @generated by Poetry 2.1.1 and should not be changed by hand.

[[package]]
name = "boolean-py"
version = "4.0"
description = "Define boolean algebras, create and parse boolean expressions and create custom boolean DSL."
optional = false
python-versions = "*"
groups = ["main"]
files = [
    {file = "boolean.py-4.0-py3-none-any.whl", hash = "sha256:2876f2051d7d6394a531d82dc6eb407faa0b01a0a0b3083817ccd7323b8d96bd"},
    {file = "boolean.py-4.0.tar.gz", hash = "sha256:17b9a181630e43dde1851d42bef546d616d5d9b4480357514597e78b203d06e4"},
]

[[package]]
name = "cyclonedx-python-lib"
version = "8.0.0"
description = "Python library for CycloneDX"
optional = false
python-versions = "<4.0,>=3.8"
groups = ["main"]
files = [
    {file = "cyclonedx_python_lib-8.0.0-py3-none-any.whl", hash = "sha256:623adb9e50ba2ac60ba9014ed9d6e8c4c6ae647bae0d72a721076c043cf262ba"},
    {file = "cyclonedx_python_lib-8.0.0.tar.gz", hash = "sha256:61d11ed58d0515fd854dc1713073e63de41bc67e5eb83db001240166869bfb5a"},
]

[package.dependencies]
license-expression = ">=30,<31"
packageurl-python = ">=0.11,<2"
py-serializable = ">=1.1.1,<2.0.0"
sortedcontainers = ">=2.4.0,<3.0.0"

[package.extras]
json-validation = ["jsonschema[format] (>=4.18,<5.0)"]
validation = ["jsonschema[format] (>=4.18,<5.0)", "lxml (>=4,<6)"]
xml-validation = ["lxml (>=4,<6)"]

[[package]]
name = "defusedxml"
version = "0.7.1"
description = "XML bomb protection for Python stdlib modules"
optional = false
python-versions = ">=2.7, !=3.0.*, !=3.1.*, !=3.2.*, !=3.3.*, !=3.4.*"
groups = ["main"]
files = [
    {file = "defusedxml-0.7.1-py2.py3-none-any.whl", hash = "sha256:a352e7e428770286cc899e2542b6cdaedb2b4953ff269a210103ec58f6198a61"},
    {file = "defusedxml-0.7.1.tar.gz", hash = "sha256:1bb3032db185915b62d7c6209c5a8792be6a32ab2fedacc84e01b52c51aa3e69"},
]

[[package]]
name = "license-expression"
version = "30.3.1"
description = "license-expression is a comprehensive utility library to parse, compare, simplify and normalize license expressions (such as SPDX license expressions) using boolean logic."
optional = false
python-versions = ">=3.8"
groups = ["main"]
files = [
    {file = "license_expression-30.3.1-py3-none-any.whl", hash = "sha256:97904b9185c7bbb1e98799606fa7424191c375e70ba63a524b6f7100e42ddc46"},
    {file = "license_expression-30.3.1.tar.gz", hash = "sha256:60d5bec1f3364c256a92b9a08583d7ea933c7aa272c8d36d04144a89a3858c01"},
]

[package.dependencies]
"boolean.py" = ">=4.0"

[package.extras]
docs = ["Sphinx (>=5.0.2)", "doc8 (>=0.11.2)", "sphinx-autobuild", "sphinx-copybutton", "sphinx-reredirects (>=0.1.2)", "sphinx-rtd-dark-mode (>=1.3.0)", "sphinx-rtd-theme (>=1.0.0)", "sphinxcontrib-apidoc (>=0.4.0)"]
testing = ["black", "isort", "pytest (>=6,!=7.0.0)", "pytest-xdist (>=2)", "twine"]

[[package]]
name = "packageurl-python"
version = "0.14.0"
description = "A purl aka. Package URL parser and builder"
optional = false
python-versions = ">=3.7"
groups = ["main"]
files = [
    {file = "packageurl-python-0.14.0.tar.gz", hash = "sha256:ff09147cddaae9e5c59ffcb12df8ec0e1b774b45099399f28c36b1a3dfdf52e2"},
    {file = "packageurl_python-0.14.0-py3-none-any.whl", hash = "sha256:cf5e55cdcd61e6de858f47c4986aa87ba493bfa56ba58de11103dfdc2c00e4e1"},
]

[package.extras]
build = ["setuptools", "wheel"]
lint = ["black", "isort", "mypy"]
sqlalchemy = ["sqlalchemy (>=2.0.0)"]
test = ["pytest"]

[[package]]
name = "py-serializable"
version = "1.1.2"
description = "Library for serializing and deserializing Python Objects to and from JSON and XML."
optional = false
python-versions = "<4.0,>=3.8"
groups = ["main"]
files = [
    {file = "py_serializable-1.1.2-py3-none-any.whl", hash = "sha256:801be61b0a1ba64c3861f7c624f1de5cfbbabf8b458acc9cdda91e8f7e5effa1"},
    {file = "py_serializable-1.1.2.tar.gz", hash = "sha256:89af30bc319047d4aa0d8708af412f6ce73835e18bacf1a080028bb9e2f42bdb"},
]

[package.dependencies]
defusedxml = ">=0.7.1,<0.8.0"

[[package]]
name = "sortedcontainers"
version = "2.4.0"
description = "Sorted Containers -- Sorted List, Sorted Dict, Sorted Set"
optional = false
python-versions = "*"
groups = ["main"]
files = [
    {file = "sortedcontainers-2.4.0-py2.py3-none-any.whl", hash = "sha256:a163dcaede0f1c021485e957a39245190e74249897e2ae4b2aa38595db237ee0"},
    {file = "sortedcontainers-2.4.0.tar.gz", hash = "sha256:25caa5a06cc30b6b83d11423433f65d1f9d76c4c6a0c90e3379eaa43b9bfdb88"},
]

[metadata]
lock-version = "2.1"
python-versions = "<4.0,>=3.8"
content-hash = "9e55dfda739d2bc521b4268bd73fb345f64fa134f1559981cc48369d89f4a721"
